// !$*UTF8*$!
{
	archiveVersion = 1;
	classes = {
	};
	objectVersion = 50;
	objects = {

/* Begin PBXBuildFile section */
		66AF1C0937D576E61378854F /* Pods_CoreDataDemoTwo.framework in Frameworks */ = {isa = PBXBuildFile; fileRef = 3EC0EF70C11184D51E861985 /* Pods_CoreDataDemoTwo.framework */; };
		84386FBD2433ED57008BBC74 /* AppDelegate.swift in Sources */ = {isa = PBXBuildFile; fileRef = 84386FBC2433ED57008BBC74 /* AppDelegate.swift */; };
		84386FBF2433ED57008BBC74 /* SceneDelegate.swift in Sources */ = {isa = PBXBuildFile; fileRef = 84386FBE2433ED57008BBC74 /* SceneDelegate.swift */; };
		84386FC12433ED57008BBC74 /* ViewController.swift in Sources */ = {isa = PBXBuildFile; fileRef = 84386FC02433ED57008BBC74 /* ViewController.swift */; };
		84386FC42433ED57008BBC74 /* Main.storyboard in Resources */ = {isa = PBXBuildFile; fileRef = 84386FC22433ED57008BBC74 /* Main.storyboard */; };
		84386FC62433ED5C008BBC74 /* Assets.xcassets in Resources */ = {isa = PBXBuildFile; fileRef = 84386FC52433ED5C008BBC74 /* Assets.xcassets */; };
		84386FC92433ED5C008BBC74 /* LaunchScreen.storyboard in Resources */ = {isa = PBXBuildFile; fileRef = 84386FC72433ED5C008BBC74 /* LaunchScreen.storyboard */; };
/* End PBXBuildFile section */

/* Begin PBXFileReference section */
		3EC0EF70C11184D51E861985 /* Pods_CoreDataDemoTwo.framework */ = {isa = PBXFileReference; explicitFileType = wrapper.framework; includeInIndex = 0; path = Pods_CoreDataDemoTwo.framework; sourceTree = BUILT_PRODUCTS_DIR; };
		84386FB92433ED57008BBC74 /* CoreDataDemoTwo.app */ = {isa = PBXFileReference; explicitFileType = wrapper.application; includeInIndex = 0; path = CoreDataDemoTwo.app; sourceTree = BUILT_PRODUCTS_DIR; };
		84386FBC2433ED57008BBC74 /* AppDelegate.swift */ = {isa = PBXFileReference; lastKnownFileType = sourcecode.swift; path = AppDelegate.swift; sourceTree = "<group>"; };
		84386FBE2433ED57008BBC74 /* SceneDelegate.swift */ = {isa = PBXFileReference; lastKnownFileType = sourcecode.swift; path = SceneDelegate.swift; sourceTree = "<group>"; };
		84386FC02433ED57008BBC74 /* ViewController.swift */ = {isa = PBXFileReference; lastKnownFileType = sourcecode.swift; path = ViewController.swift; sourceTree = "<group>"; };
		84386FC32433ED57008BBC74 /* Base */ = {isa = PBXFileReference; lastKnownFileType = file.storyboard; name = Base; path = Base.lproj/Main.storyboard; sourceTree = "<group>"; };
		84386FC52433ED5C008BBC74 /* Assets.xcassets */ = {isa = PBXFileReference; lastKnownFileType = folder.assetcatalog; path = Assets.xcassets; sourceTree = "<group>"; };
		84386FC82433ED5C008BBC74 /* Base */ = {isa = PBXFileReference; lastKnownFileType = file.storyboard; name = Base; path = Base.lproj/LaunchScreen.storyboard; sourceTree = "<group>"; };
		84386FCA2433ED5C008BBC74 /* Info.plist */ = {isa = PBXFileReference; lastKnownFileType = text.plist.xml; path = Info.plist; sourceTree = "<group>"; };
		94FEA5AF75496822FD21E1CA /* Pods-CoreDataDemoTwo.debug.xcconfig */ = {isa = PBXFileReference; includeInIndex = 1; lastKnownFileType = text.xcconfig; name = "Pods-CoreDataDemoTwo.debug.xcconfig"; path = "Target Support Files/Pods-CoreDataDemoTwo/Pods-CoreDataDemoTwo.debug.xcconfig"; sourceTree = "<group>"; };
		DFA1EA34ADC5044C41DD8281 /* Pods-CoreDataDemoTwo.release.xcconfig */ = {isa = PBXFileReference; includeInIndex = 1; lastKnownFileType = text.xcconfig; name = "Pods-CoreDataDemoTwo.release.xcconfig"; path = "Target Support Files/Pods-CoreDataDemoTwo/Pods-CoreDataDemoTwo.release.xcconfig"; sourceTree = "<group>"; };
/* End PBXFileReference section */

/* Begin PBXFrameworksBuildPhase section */
		84386FB62433ED57008BBC74 /* Frameworks */ = {
			isa = PBXFrameworksBuildPhase;
			buildActionMask = 2147483647;
			files = (
				66AF1C0937D576E61378854F /* Pods_CoreDataDemoTwo.framework in Frameworks */,
			);
			runOnlyForDeploymentPostprocessing = 0;
		};
/* End PBXFrameworksBuildPhase section */

/* Begin PBXGroup section */
		004EA39EBAA7853AA5BB039F /* Frameworks */ = {
			isa = PBXGroup;
			children = (
				3EC0EF70C11184D51E861985 /* Pods_CoreDataDemoTwo.framework */,
			);
			name = Frameworks;
			sourceTree = "<group>";
		};
		190BB3B5B5231C5EAE1F32F9 /* Pods */ = {
			isa = PBXGroup;
			children = (
				94FEA5AF75496822FD21E1CA /* Pods-CoreDataDemoTwo.debug.xcconfig */,
				DFA1EA34ADC5044C41DD8281 /* Pods-CoreDataDemoTwo.release.xcconfig */,
			);
			name = Pods;
			path = Pods;
			sourceTree = "<group>";
		};
		84386FB02433ED57008BBC74 = {
			isa = PBXGroup;
			children = (
				84386FBB2433ED57008BBC74 /* CoreDataDemoTwo */,
				84386FBA2433ED57008BBC74 /* Products */,
				190BB3B5B5231C5EAE1F32F9 /* Pods */,
				004EA39EBAA7853AA5BB039F /* Frameworks */,
			);
			sourceTree = "<group>";
		};
		84386FBA2433ED57008BBC74 /* Products */ = {
			isa = PBXGroup;
			children = (
				84386FB92433ED57008BBC74 /* CoreDataDemoTwo.app */,
			);
			name = Products;
			sourceTree = "<group>";
		};
		84386FBB2433ED57008BBC74 /* CoreDataDemoTwo */ = {
			isa = PBXGroup;
			children = (
				84386FBC2433ED57008BBC74 /* AppDelegate.swift */,
				84386FBE2433ED57008BBC74 /* SceneDelegate.swift */,
				84386FC02433ED57008BBC74 /* ViewController.swift */,
				84386FC22433ED57008BBC74 /* Main.storyboard */,
				84386FC52433ED5C008BBC74 /* Assets.xcassets */,
				84386FC72433ED5C008BBC74 /* LaunchScreen.storyboard */,
				84386FCA2433ED5C008BBC74 /* Info.plist */,
			);
			path = CoreDataDemoTwo;
			sourceTree = "<group>";
		};
/* End PBXGroup section */

/* Begin PBXNativeTarget section */
		84386FB82433ED57008BBC74 /* CoreDataDemoTwo */ = {
			isa = PBXNativeTarget;
			buildConfigurationList = 84386FCD2433ED5C008BBC74 /* Build configuration list for PBXNativeTarget "CoreDataDemoTwo" */;
			buildPhases = (
				105C5590585705201DC561A9 /* [CP] Check Pods Manifest.lock */,
				84386FB52433ED57008BBC74 /* Sources */,
				84386FB62433ED57008BBC74 /* Frameworks */,
				84386FB72433ED57008BBC74 /* Resources */,
				5C1A94FB50EC2D5F36431F4D /* [CP] Embed Pods Frameworks */,
			);
			buildRules = (
			);
			dependencies = (
			);
			name = CoreDataDemoTwo;
			productName = CoreDataDemoTwo;
			productReference = 84386FB92433ED57008BBC74 /* CoreDataDemoTwo.app */;
			productType = "com.apple.product-type.application";
		};
/* End PBXNativeTarget section */

/* Begin PBXProject section */
		84386FB12433ED57008BBC74 /* Project object */ = {
			isa = PBXProject;
			attributes = {
				LastSwiftUpdateCheck = 1140;
				LastUpgradeCheck = 1140;
				ORGANIZATIONNAME = "Joshua Cook";
				TargetAttributes = {
					84386FB82433ED57008BBC74 = {
						CreatedOnToolsVersion = 11.4;
					};
				};
			};
			buildConfigurationList = 84386FB42433ED57008BBC74 /* Build configuration list for PBXProject "CoreDataDemoTwo" */;
			compatibilityVersion = "Xcode 9.3";
			developmentRegion = en;
			hasScannedForEncodings = 0;
			knownRegions = (
				en,
				Base,
			);
			mainGroup = 84386FB02433ED57008BBC74;
			productRefGroup = 84386FBA2433ED57008BBC74 /* Products */;
			projectDirPath = "";
			projectRoot = "";
			targets = (
				84386FB82433ED57008BBC74 /* CoreDataDemoTwo */,
			);
		};
/* End PBXProject section */

/* Begin PBXResourcesBuildPhase section */
		84386FB72433ED57008BBC74 /* Resources */ = {
			isa = PBXResourcesBuildPhase;
			buildActionMask = 2147483647;
			files = (
				84386FC92433ED5C008BBC74 /* LaunchScreen.storyboard in Resources */,
				84386FC62433ED5C008BBC74 /* Assets.xcassets in Resources */,
				84386FC42433ED57008BBC74 /* Main.storyboard in Resources */,
			);
			runOnlyForDeploymentPostprocessing = 0;
		};
/* End PBXResourcesBuildPhase section */

/* Begin PBXShellScriptBuildPhase section */
		105C5590585705201DC561A9 /* [CP] Check Pods Manifest.lock */ = {
			isa = PBXShellScriptBuildPhase;
			buildActionMask = 2147483647;
			files = (
			);
			inputFileListPaths = (
			);
			inputPaths = (
				"${PODS_PODFILE_DIR_PATH}/Podfile.lock",
				"${PODS_ROOT}/Manifest.lock",
			);
			name = "[CP] Check Pods Manifest.lock";
			outputFileListPaths = (
			);
			outputPaths = (
				"$(DERIVED_FILE_DIR)/Pods-CoreDataDemoTwo-checkManifestLockResult.txt",
			);
			runOnlyForDeploymentPostprocessing = 0;
			shellPath = /bin/sh;
			shellScript = "diff \"${PODS_PODFILE_DIR_PATH}/Podfile.lock\" \"${PODS_ROOT}/Manifest.lock\" > /dev/null\nif [ $? != 0 ] ; then\n    # print error to STDERR\n    echo \"error: The sandbox is not in sync with the Podfile.lock. Run 'pod install' or update your CocoaPods installation.\" >&2\n    exit 1\nfi\n# This output is used by Xcode 'outputs' to avoid re-running this script phase.\necho \"SUCCESS\" > \"${SCRIPT_OUTPUT_FILE_0}\"\n";
			showEnvVarsInLog = 0;
		};
		5C1A94FB50EC2D5F36431F4D /* [CP] Embed Pods Frameworks */ = {
			isa = PBXShellScriptBuildPhase;
			buildActionMask = 2147483647;
			files = (
			);
			inputFileListPaths = (
				"${PODS_ROOT}/Target Support Files/Pods-CoreDataDemoTwo/Pods-CoreDataDemoTwo-frameworks-${CONFIGURATION}-input-files.xcfilelist",
			);
			name = "[CP] Embed Pods Frameworks";
			outputFileListPaths = (
				"${PODS_ROOT}/Target Support Files/Pods-CoreDataDemoTwo/Pods-CoreDataDemoTwo-frameworks-${CONFIGURATION}-output-files.xcfilelist",
			);
			runOnlyForDeploymentPostprocessing = 0;
			shellPath = /bin/sh;
			shellScript = "\"${PODS_ROOT}/Target Support Files/Pods-CoreDataDemoTwo/Pods-CoreDataDemoTwo-frameworks.sh\"\n";
			showEnvVarsInLog = 0;
		};
/* End PBXShellScriptBuildPhase section */

/* Begin PBXSourcesBuildPhase section */
		84386FB52433ED57008BBC74 /* Sources */ = {
			isa = PBXSourcesBuildPhase;
			buildActionMask = 2147483647;
			files = (
				84386FC12433ED57008BBC74 /* ViewController.swift in Sources */,
				84386FBD2433ED57008BBC74 /* AppDelegate.swift in Sources */,
				84386FBF2433ED57008BBC74 /* SceneDelegate.swift in Sources */,
			);
			runOnlyForDeploymentPostprocessing = 0;
		};
/* End PBXSourcesBuildPhase section */

/* Begin PBXVariantGroup section */
		84386FC22433ED57008BBC74 /* Main.storyboard */ = {
			isa = PBXVariantGroup;
			children = (
				84386FC32433ED57008BBC74 /* Base */,
			);
			name = Main.storyboard;
			sourceTree = "<group>";
		};
		84386FC72433ED5C008BBC74 /* LaunchScreen.storyboard */ = {
			isa = PBXVariantGroup;
			children = (
				84386FC82433ED5C008BBC74 /* Base */,
			);
			name = LaunchScreen.storyboard;
			sourceTree = "<group>";
		};
/* End PBXVariantGroup section */

/* Begin XCBuildConfiguration section */
		84386FCB2433ED5C008BBC74 /* Debug */ = {
			isa = XCBuildConfiguration;
			buildSettings = {
				ALWAYS_SEARCH_USER_PATHS = NO;
				CLANG_ANALYZER_NONNULL = YES;
				CLANG_ANALYZER_NUMBER_OBJECT_CONVERSION = YES_AGGRESSIVE;
				CLANG_CXX_LANGUAGE_STANDARD = "gnu++14";
				CLANG_CXX_LIBRARY = "libc++";
				CLANG_ENABLE_MODULES = YES;
				CLANG_ENABLE_OBJC_ARC = YES;
				CLANG_ENABLE_OBJC_WEAK = YES;
				CLANG_WARN_BLOCK_CAPTURE_AUTORELEASING = YES;
				CLANG_WARN_BOOL_CONVERSION = YES;
				CLANG_WARN_COMMA = YES;
				CLANG_WARN_CONSTANT_CONVERSION = YES;
				CLANG_WARN_DEPRECATED_OBJC_IMPLEMENTATIONS = YES;
				CLANG_WARN_DIRECT_OBJC_ISA_USAGE = YES_ERROR;
				CLANG_WARN_DOCUMENTATION_COMMENTS = YES;
				CLANG_WARN_EMPTY_BODY = YES;
				CLANG_WARN_ENUM_CONVERSION = YES;
				CLANG_WARN_INFINITE_RECURSION = YES;
				CLANG_WARN_INT_CONVERSION = YES;
				CLANG_WARN_NON_LITERAL_NULL_CONVERSION = YES;
				CLANG_WARN_OBJC_IMPLICIT_RETAIN_SELF = YES;
				CLANG_WARN_OBJC_LITERAL_CONVERSION = YES;
				CLANG_WARN_OBJC_ROOT_CLASS = YES_ERROR;
				CLANG_WARN_RANGE_LOOP_ANALYSIS = YES;
				CLANG_WARN_STRICT_PROTOTYPES = YES;
				CLANG_WARN_SUSPICIOUS_MOVE = YES;
				CLANG_WARN_UNGUARDED_AVAILABILITY = YES_AGGRESSIVE;
				CLANG_WARN_UNREACHABLE_CODE = YES;
				CLANG_WARN__DUPLICATE_METHOD_MATCH = YES;
				COPY_PHASE_STRIP = NO;
				DEBUG_INFORMATION_FORMAT = dwarf;
				ENABLE_STRICT_OBJC_MSGSEND = YES;
				ENABLE_TESTABILITY = YES;
				GCC_C_LANGUAGE_STANDARD = gnu11;
				GCC_DYNAMIC_NO_PIC = NO;
				GCC_NO_COMMON_BLOCKS = YES;
				GCC_OPTIMIZATION_LEVEL = 0;
				GCC_PREPROCESSOR_DEFINITIONS = (
					"DEBUG=1",
					"$(inherited)",
				);
				GCC_WARN_64_TO_32_BIT_CONVERSION = YES;
				GCC_WARN_ABOUT_RETURN_TYPE = YES_ERROR;
				GCC_WARN_UNDECLARED_SELECTOR = YES;
				GCC_WARN_UNINITIALIZED_AUTOS = YES_AGGRESSIVE;
				GCC_WARN_UNUSED_FUNCTION = YES;
				GCC_WARN_UNUSED_VARIABLE = YES;
				IPHONEOS_DEPLOYMENT_TARGET = 13.4;
				MTL_ENABLE_DEBUG_INFO = INCLUDE_SOURCE;
				MTL_FAST_MATH = YES;
				ONLY_ACTIVE_ARCH = YES;
				SDKROOT = iphoneos;
				SWIFT_ACTIVE_COMPILATION_CONDITIONS = DEBUG;
				SWIFT_OPTIMIZATION_LEVEL = "-Onone";
			};
			name = Debug;
		};
		84386FCC2433ED5C008BBC74 /* Release */ = {
			isa = XCBuildConfiguration;
			buildSettings = {
				ALWAYS_SEARCH_USER_PATHS = NO;
				CLANG_ANALYZER_NONNULL = YES;
				CLANG_ANALYZER_NUMBER_OBJECT_CONVERSION = YES_AGGRESSIVE;
				CLANG_CXX_LANGUAGE_STANDARD = "gnu++14";
				CLANG_CXX_LIBRARY = "libc++";
				CLANG_ENABLE_MODULES = YES;
				CLANG_ENABLE_OBJC_ARC = YES;
				CLANG_ENABLE_OBJC_WEAK = YES;
				CLANG_WARN_BLOCK_CAPTURE_AUTORELEASING = YES;
				CLANG_WARN_BOOL_CONVERSION = YES;
				CLANG_WARN_COMMA = YES;
				CLANG_WARN_CONSTANT_CONVERSION = YES;
				CLANG_WARN_DEPRECATED_OBJC_IMPLEMENTATIONS = YES;
				CLANG_WARN_DIRECT_OBJC_ISA_USAGE = YES_ERROR;
				CLANG_WARN_DOCUMENTATION_COMMENTS = YES;
				CLANG_WARN_EMPTY_BODY = YES;
				CLANG_WARN_ENUM_CONVERSION = YES;
				CLANG_WARN_INFINITE_RECURSION = YES;
				CLANG_WARN_INT_CONVERSION = YES;
				CLANG_WARN_NON_LITERAL_NULL_CONVERSION = YES;
				CLANG_WARN_OBJC_IMPLICIT_RETAIN_SELF = YES;
				CLANG_WARN_OBJC_LITERAL_CONVERSION = YES;
				CLANG_WARN_OBJC_ROOT_CLASS = YES_ERROR;
				CLANG_WARN_RANGE_LOOP_ANALYSIS = YES;
				CLANG_WARN_STRICT_PROTOTYPES = YES;
				CLANG_WARN_SUSPICIOUS_MOVE = YES;
				CLANG_WARN_UNGUARDED_AVAILABILITY = YES_AGGRESSIVE;
				CLANG_WARN_UNREACHABLE_CODE = YES;
				CLANG_WARN__DUPLICATE_METHOD_MATCH = YES;
				COPY_PHASE_STRIP = NO;
				DEBUG_INFORMATION_FORMAT = "dwarf-with-dsym";
				ENABLE_NS_ASSERTIONS = NO;
				ENABLE_STRICT_OBJC_MSGSEND = YES;
				GCC_C_LANGUAGE_STANDARD = gnu11;
				GCC_NO_COMMON_BLOCKS = YES;
				GCC_WARN_64_TO_32_BIT_CONVERSION = YES;
				GCC_WARN_ABOUT_RETURN_TYPE = YES_ERROR;
				GCC_WARN_UNDECLARED_SELECTOR = YES;
				GCC_WARN_UNINITIALIZED_AUTOS = YES_AGGRESSIVE;
				GCC_WARN_UNUSED_FUNCTION = YES;
				GCC_WARN_UNUSED_VARIABLE = YES;
				IPHONEOS_DEPLOYMENT_TARGET = 13.4;
				MTL_ENABLE_DEBUG_INFO = NO;
				MTL_FAST_MATH = YES;
				SDKROOT = iphoneos;
				SWIFT_COMPILATION_MODE = wholemodule;
				SWIFT_OPTIMIZATION_LEVEL = "-O";
				VALIDATE_PRODUCT = YES;
			};
			name = Release;
		};
		84386FCE2433ED5C008BBC74 /* Debug */ = {
			isa = XCBuildConfiguration;
			baseConfigurationReference = 94FEA5AF75496822FD21E1CA /* Pods-CoreDataDemoTwo.debug.xcconfig */;
			buildSettings = {
				ASSETCATALOG_COMPILER_APPICON_NAME = AppIcon;
				CODE_SIGN_STYLE = Automatic;
				DEVELOPMENT_TEAM = CRMHYJ9F9F;
				INFOPLIST_FILE = CoreDataDemoTwo/Info.plist;
				LD_RUNPATH_SEARCH_PATHS = (
					"$(inherited)",
					"@executable_path/Frameworks",
				);
				PRODUCT_BUNDLE_IDENTIFIER = com.joshuacook.CoreDataDemoTwo;
				PRODUCT_NAME = "$(TARGET_NAME)";
				SWIFT_VERSION = 5.0;
				TARGETED_DEVICE_FAMILY = "1,2";
			};
			name = Debug;
		};
		84386FCF2433ED5C008BBC74 /* Release */ = {
			isa = XCBuildConfiguration;
			baseConfigurationReference = DFA1EA34ADC5044C41DD8281 /* Pods-CoreDataDemoTwo.release.xcconfig */;
			buildSettings = {
				ASSETCATALOG_COMPILER_APPICON_NAME = AppIcon;
				CODE_SIGN_STYLE = Automatic;
				DEVELOPMENT_TEAM = CRMHYJ9F9F;
				INFOPLIST_FILE = CoreDataDemoTwo/Info.plist;
				LD_RUNPATH_SEARCH_PATHS = (
					"$(inherited)",
					"@executable_path/Frameworks",
				);
				PRODUCT_BUNDLE_IDENTIFIER = com.joshuacook.CoreDataDemoTwo;
				PRODUCT_NAME = "$(TARGET_NAME)";
				SWIFT_VERSION = 5.0;
				TARGETED_DEVICE_FAMILY = "1,2";
			};
			name = Release;
		};
/* End XCBuildConfiguration section */

/* Begin XCConfigurationList section */
		84386FB42433ED57008BBC74 /* Build configuration list for PBXProject "CoreDataDemoTwo" */ = {
			isa = XCConfigurationList;
			buildConfigurations = (
				84386FCB2433ED5C008BBC74 /* Debug */,
				84386FCC2433ED5C008BBC74 /* Release */,
			);
			defaultConfigurationIsVisible = 0;
			defaultConfigurationName = Release;
		};
		84386FCD2433ED5C008BBC74 /* Build configuration list for PBXNativeTarget "CoreDataDemoTwo" */ = {
			isa = XCConfigurationList;
			buildConfigurations = (
				84386FCE2433ED5C008BBC74 /* Debug */,
				84386FCF2433ED5C008BBC74 /* Release */,
			);
			defaultConfigurationIsVisible = 0;
			defaultConfigurationName = Release;
		};
/* End XCConfigurationList section */
	};
	rootObject = 84386FB12433ED57008BBC74 /* Project object */;
}
